
Microsoft Visual Studio Solution File, Format Version 12.00
# Visual Studio Version 16
VisualStudioVersion = 16.0.30114.105
MinimumVisualStudioVersion = 10.0.40219.1
Project("{F2A71F9B-5D33-465A-A702-920D77279786}") = "fable-pykg", "fable-pykg.fsproj", "{B2AA2789-58CF-4B59-8789-795901961807}"
EndProject
Global
	GlobalSection(SolutionConfigurationPlatforms) = preSolution
		Debug|Any CPU = Debug|Any CPU
		Release|Any CPU = Release|Any CPU
	EndGlobalSection
	GlobalSection(SolutionProperties) = preSolution
		HideSolutionNode = FALSE
	EndGlobalSection
	GlobalSection(ProjectConfigurationPlatforms) = postSolution
		{B2AA2789-58CF-4B59-8789-795901961807}.Debug|Any CPU.ActiveCfg = Debug|Any CPU
		{B2AA2789-58CF-4B59-8789-795901961807}.Debug|Any CPU.Build.0 = Debug|Any CPU
		{B2AA2789-58CF-4B59-8789-795901961807}.Release|Any CPU.ActiveCfg = Release|Any CPU
		{B2AA2789-58CF-4B59-8789-795901961807}.Release|Any CPU.Build.0 = Release|Any CPU
	EndGlobalSection
EndGlobal
